
Microsoft Visual Studio Solution File, Format Version 12.00
# Visual Studio Version 17
VisualStudioVersion = 17.4.33213.308
MinimumVisualStudioVersion = 10.0.40219.1
Project("{FAE04EC0-301F-11D3-BF4B-00C04F79EFBC}") = "Alderley.DiskManagement.Console", "Alderley.DiskManagement.Console\Alderley.DiskManagement.Console.csproj", "{37426AD1-0A06-426C-9F78-E321773BBC5B}"
EndProject
Project("{FAE04EC0-301F-11D3-BF4B-00C04F79EFBC}") = "Alderley.DiskManagement.Service", "Alderley.DiskManagement.Service\Alderley.DiskManagement.Service.csproj", "{C8A840A3-3EEF-4CB6-A4F3-177E58669F19}"
EndProject
Project("{FAE04EC0-301F-11D3-BF4B-00C04F79EFBC}") = "Alderley.DiskManagement.Service.Test", "Alderley.DiskManagement.Service.Test\Alderley.DiskManagement.Service.Test.csproj", "{ED2646F5-8F71-4746-89C4-29764D2C9C7B}"
EndProject
Global
	GlobalSection(SolutionConfigurationPlatforms) = preSolution
		Debug|Any CPU = Debug|Any CPU
		Release|Any CPU = Release|Any CPU
	EndGlobalSection
	GlobalSection(ProjectConfigurationPlatforms) = postSolution
		{37426AD1-0A06-426C-9F78-E321773BBC5B}.Debug|Any CPU.ActiveCfg = Debug|Any CPU
		{37426AD1-0A06-426C-9F78-E321773BBC5B}.Debug|Any CPU.Build.0 = Debug|Any CPU
		{37426AD1-0A06-426C-9F78-E321773BBC5B}.Release|Any CPU.ActiveCfg = Release|Any CPU
		{37426AD1-0A06-426C-9F78-E321773BBC5B}.Release|Any CPU.Build.0 = Release|Any CPU
		{C8A840A3-3EEF-4CB6-A4F3-177E58669F19}.Debug|Any CPU.ActiveCfg = Debug|Any CPU
		{C8A840A3-3EEF-4CB6-A4F3-177E58669F19}.Debug|Any CPU.Build.0 = Debug|Any CPU
		{C8A840A3-3EEF-4CB6-A4F3-177E58669F19}.Release|Any CPU.ActiveCfg = Release|Any CPU
		{C8A840A3-3EEF-4CB6-A4F3-177E58669F19}.Release|Any CPU.Build.0 = Release|Any CPU
		{ED2646F5-8F71-4746-89C4-29764D2C9C7B}.Debug|Any CPU.ActiveCfg = Debug|Any CPU
		{ED2646F5-8F71-4746-89C4-29764D2C9C7B}.Debug|Any CPU.Build.0 = Debug|Any CPU
		{ED2646F5-8F71-4746-89C4-29764D2C9C7B}.Release|Any CPU.ActiveCfg = Release|Any CPU
		{ED2646F5-8F71-4746-89C4-29764D2C9C7B}.Release|Any CPU.Build.0 = Release|Any CPU
	EndGlobalSection
	GlobalSection(SolutionProperties) = preSolution
		HideSolutionNode = FALSE
	EndGlobalSection
	GlobalSection(ExtensibilityGlobals) = postSolution
		SolutionGuid = {6BE2E9C4-8557-4E39-840F-8080BBEEB9B6}
	EndGlobalSection
EndGlobal
